
Microsoft Visual Studio Solution File, Format Version 12.00
# Visual Studio Version 16
VisualStudioVersion = 16.0.29111.141
MinimumVisualStudioVersion = 10.0.40219.1
Project("{9A19103F-16F7-4668-BE54-9A1E7A4F7556}") = "Presentation.Api.GNB", "GNB.Api\Presentation.Api.GNB.csproj", "{7BEAC50D-84D9-4EB3-A959-B95CA32C2896}"
EndProject
Project("{2150E333-8FDC-42A3-9474-1A3956D46DE8}") = "1.Presentation", "1.Presentation", "{4EC1CEDC-43C7-4A53-A1A5-C076CC74A1CF}"
EndProject
Project("{2150E333-8FDC-42A3-9474-1A3956D46DE8}") = "Api", "Api", "{D9CCD26C-69D7-4EE0-B42C-6BB102133B2E}"
EndProject
Project("{2150E333-8FDC-42A3-9474-1A3956D46DE8}") = "Web", "Web", "{B3F00AA8-DD9E-4D63-8614-B5B72B5E2211}"
EndProject
Project("{2150E333-8FDC-42A3-9474-1A3956D46DE8}") = "2.Application", "2.Application", "{279E96A2-D166-47F4-B1EC-82B62BD352B5}"
EndProject
Project("{2150E333-8FDC-42A3-9474-1A3956D46DE8}") = "3.Core", "3.Core", "{29732E0C-B9AA-4B0B-BB21-836CB05D1AA9}"
EndProject
Project("{2150E333-8FDC-42A3-9474-1A3956D46DE8}") = "4.Data", "4.Data", "{B3CA2A4B-8F01-4A73-8DD0-1DEC88681845}"
EndProject
Project("{2150E333-8FDC-42A3-9474-1A3956D46DE8}") = "5.Crosscutting", "5.Crosscutting", "{AF6E61B4-248D-4823-9C08-CAFF512C9783}"
EndProject
Project("{2150E333-8FDC-42A3-9474-1A3956D46DE8}") = "Definition", "Definition", "{BCCA45C5-F2D0-4EBA-A3F6-02427E4842A2}"
EndProject
Project("{2150E333-8FDC-42A3-9474-1A3956D46DE8}") = "Implementation", "Implementation", "{A78A44C4-B350-4F9E-9852-04F53166224F}"
EndProject
Project("{2150E333-8FDC-42A3-9474-1A3956D46DE8}") = "Dtos", "Dtos", "{E4D3158B-37D1-4E4F-B40E-06858A861CEB}"
EndProject
Project("{2150E333-8FDC-42A3-9474-1A3956D46DE8}") = "Entities", "Entities", "{EF01A8FB-CC84-41BA-84C0-88BA34ABDCB6}"
EndProject
Project("{2150E333-8FDC-42A3-9474-1A3956D46DE8}") = "Repository", "Repository", "{DD28EB9E-FD04-4CDE-B2FB-A68FFCE7D3E4}"
EndProject
Project("{2150E333-8FDC-42A3-9474-1A3956D46DE8}") = "Common", "Common", "{7B484563-5D9A-4CBB-B6DB-293FB3FDBB02}"
EndProject
Project("{2150E333-8FDC-42A3-9474-1A3956D46DE8}") = "Providers", "Providers", "{38979F9E-A800-44F5-B240-B4B78E0DC1F2}"
EndProject
Project("{2150E333-8FDC-42A3-9474-1A3956D46DE8}") = "6.Testing", "6.Testing", "{39EF1F7C-E3F4-4A54-9C74-4D4711929FAF}"
EndProject
Project("{2150E333-8FDC-42A3-9474-1A3956D46DE8}") = "7.IoC", "7.IoC", "{0227FAF1-0464-4230-9C2F-B8094BD8261F}"
EndProject
Project("{9A19103F-16F7-4668-BE54-9A1E7A4F7556}") = "Crosscutting.DependencyInjectionFactory", "Crosscutting.DependencyInjectionFactory\Crosscutting.DependencyInjectionFactory.csproj", "{D278FA99-F26A-42BE-A3BB-211E9A598B8D}"
EndProject
Project("{9A19103F-16F7-4668-BE54-9A1E7A4F7556}") = "Core.DataTransferObject", "Core.DataTransferObject\Core.DataTransferObject.csproj", "{047CBA86-B8C9-4D84-87D6-35E46BF0B2F3}"
EndProject
Project("{9A19103F-16F7-4668-BE54-9A1E7A4F7556}") = "Core.Entities", "Core.Entities\Core.Entities.csproj", "{86A1EF40-F8BA-4248-B2FF-C40C60C44352}"
EndProject
Project("{9A19103F-16F7-4668-BE54-9A1E7A4F7556}") = "Core.GlobalRepository", "Core.GlobalRepository\Core.GlobalRepository.csproj", "{6B986375-EDB9-4849-A3B1-5CB1B11DF7C0}"
EndProject
Project("{9A19103F-16F7-4668-BE54-9A1E7A4F7556}") = "Application.Definition", "Application.Definition\Application.Definition.csproj", "{08A74E30-C2F1-44C1-BE94-1FF6A977E976}"
EndProject
Project("{9A19103F-16F7-4668-BE54-9A1E7A4F7556}") = "Application.Implementation", "Application.Implementation\Application.Implementation.csproj", "{B9CBBF12-3A34-4D64-A4EB-4D5B15DBCA09}"
EndProject
Project("{9A19103F-16F7-4668-BE54-9A1E7A4F7556}") = "Data.Common.Definition", "Data.Common.Definition\Data.Common.Definition.csproj", "{61CB9EC1-2334-46B4-B78B-A07F40867814}"
EndProject
Project("{9A19103F-16F7-4668-BE54-9A1E7A4F7556}") = "Data.Common.Implementation.MongoDb", "Data.Common.Implementation.MongoDb\Data.Common.Implementation.MongoDb.csproj", "{7FF7C95A-A0D8-423F-896F-C4B1DAEAC59D}"
EndProject
Project("{9A19103F-16F7-4668-BE54-9A1E7A4F7556}") = "Data.Common.Implementation.Sql", "Data.Common.Implementation.Sql\Data.Common.Implementation.Sql.csproj", "{5D8E2E28-115A-4909-AAC8-FF6EA082A15E}"
EndProject
Project("{9A19103F-16F7-4668-BE54-9A1E7A4F7556}") = "DataAccess.Gnb.MongoDb", "DataAccess.Gnb.MongoDb\DataAccess.Gnb.MongoDb.csproj", "{B2ED9D38-F601-4F3D-9213-B527FE789F01}"
EndProject
Global
	GlobalSection(SolutionConfigurationPlatforms) = preSolution
		Debug|Any CPU = Debug|Any CPU
		Release|Any CPU = Release|Any CPU
	EndGlobalSection
	GlobalSection(ProjectConfigurationPlatforms) = postSolution
		{7BEAC50D-84D9-4EB3-A959-B95CA32C2896}.Debug|Any CPU.ActiveCfg = Debug|Any CPU
		{7BEAC50D-84D9-4EB3-A959-B95CA32C2896}.Debug|Any CPU.Build.0 = Debug|Any CPU
		{7BEAC50D-84D9-4EB3-A959-B95CA32C2896}.Release|Any CPU.ActiveCfg = Release|Any CPU
		{7BEAC50D-84D9-4EB3-A959-B95CA32C2896}.Release|Any CPU.Build.0 = Release|Any CPU
		{D278FA99-F26A-42BE-A3BB-211E9A598B8D}.Debug|Any CPU.ActiveCfg = Debug|Any CPU
		{D278FA99-F26A-42BE-A3BB-211E9A598B8D}.Debug|Any CPU.Build.0 = Debug|Any CPU
		{D278FA99-F26A-42BE-A3BB-211E9A598B8D}.Release|Any CPU.ActiveCfg = Release|Any CPU
		{D278FA99-F26A-42BE-A3BB-211E9A598B8D}.Release|Any CPU.Build.0 = Release|Any CPU
		{047CBA86-B8C9-4D84-87D6-35E46BF0B2F3}.Debug|Any CPU.ActiveCfg = Debug|Any CPU
		{047CBA86-B8C9-4D84-87D6-35E46BF0B2F3}.Debug|Any CPU.Build.0 = Debug|Any CPU
		{047CBA86-B8C9-4D84-87D6-35E46BF0B2F3}.Release|Any CPU.ActiveCfg = Release|Any CPU
		{047CBA86-B8C9-4D84-87D6-35E46BF0B2F3}.Release|Any CPU.Build.0 = Release|Any CPU
		{86A1EF40-F8BA-4248-B2FF-C40C60C44352}.Debug|Any CPU.ActiveCfg = Debug|Any CPU
		{86A1EF40-F8BA-4248-B2FF-C40C60C44352}.Debug|Any CPU.Build.0 = Debug|Any CPU
		{86A1EF40-F8BA-4248-B2FF-C40C60C44352}.Release|Any CPU.ActiveCfg = Release|Any CPU
		{86A1EF40-F8BA-4248-B2FF-C40C60C44352}.Release|Any CPU.Build.0 = Release|Any CPU
		{6B986375-EDB9-4849-A3B1-5CB1B11DF7C0}.Debug|Any CPU.ActiveCfg = Debug|Any CPU
		{6B986375-EDB9-4849-A3B1-5CB1B11DF7C0}.Debug|Any CPU.Build.0 = Debug|Any CPU
		{6B986375-EDB9-4849-A3B1-5CB1B11DF7C0}.Release|Any CPU.ActiveCfg = Release|Any CPU
		{6B986375-EDB9-4849-A3B1-5CB1B11DF7C0}.Release|Any CPU.Build.0 = Release|Any CPU
		{08A74E30-C2F1-44C1-BE94-1FF6A977E976}.Debug|Any CPU.ActiveCfg = Debug|Any CPU
		{08A74E30-C2F1-44C1-BE94-1FF6A977E976}.Debug|Any CPU.Build.0 = Debug|Any CPU
		{08A74E30-C2F1-44C1-BE94-1FF6A977E976}.Release|Any CPU.ActiveCfg = Release|Any CPU
		{08A74E30-C2F1-44C1-BE94-1FF6A977E976}.Release|Any CPU.Build.0 = Release|Any CPU
		{B9CBBF12-3A34-4D64-A4EB-4D5B15DBCA09}.Debug|Any CPU.ActiveCfg = Debug|Any CPU
		{B9CBBF12-3A34-4D64-A4EB-4D5B15DBCA09}.Debug|Any CPU.Build.0 = Debug|Any CPU
		{B9CBBF12-3A34-4D64-A4EB-4D5B15DBCA09}.Release|Any CPU.ActiveCfg = Release|Any CPU
		{B9CBBF12-3A34-4D64-A4EB-4D5B15DBCA09}.Release|Any CPU.Build.0 = Release|Any CPU
		{61CB9EC1-2334-46B4-B78B-A07F40867814}.Debug|Any CPU.ActiveCfg = Debug|Any CPU
		{61CB9EC1-2334-46B4-B78B-A07F40867814}.Debug|Any CPU.Build.0 = Debug|Any CPU
		{61CB9EC1-2334-46B4-B78B-A07F40867814}.Release|Any CPU.ActiveCfg = Release|Any CPU
		{61CB9EC1-2334-46B4-B78B-A07F40867814}.Release|Any CPU.Build.0 = Release|Any CPU
		{7FF7C95A-A0D8-423F-896F-C4B1DAEAC59D}.Debug|Any CPU.ActiveCfg = Debug|Any CPU
		{7FF7C95A-A0D8-423F-896F-C4B1DAEAC59D}.Debug|Any CPU.Build.0 = Debug|Any CPU
		{7FF7C95A-A0D8-423F-896F-C4B1DAEAC59D}.Release|Any CPU.ActiveCfg = Release|Any CPU
		{7FF7C95A-A0D8-423F-896F-C4B1DAEAC59D}.Release|Any CPU.Build.0 = Release|Any CPU
		{5D8E2E28-115A-4909-AAC8-FF6EA082A15E}.Debug|Any CPU.ActiveCfg = Debug|Any CPU
		{5D8E2E28-115A-4909-AAC8-FF6EA082A15E}.Debug|Any CPU.Build.0 = Debug|Any CPU
		{5D8E2E28-115A-4909-AAC8-FF6EA082A15E}.Release|Any CPU.ActiveCfg = Release|Any CPU
		{5D8E2E28-115A-4909-AAC8-FF6EA082A15E}.Release|Any CPU.Build.0 = Release|Any CPU
		{B2ED9D38-F601-4F3D-9213-B527FE789F01}.Debug|Any CPU.ActiveCfg = Debug|Any CPU
		{B2ED9D38-F601-4F3D-9213-B527FE789F01}.Debug|Any CPU.Build.0 = Debug|Any CPU
		{B2ED9D38-F601-4F3D-9213-B527FE789F01}.Release|Any CPU.ActiveCfg = Release|Any CPU
		{B2ED9D38-F601-4F3D-9213-B527FE789F01}.Release|Any CPU.Build.0 = Release|Any CPU
	EndGlobalSection
	GlobalSection(SolutionProperties) = preSolution
		HideSolutionNode = FALSE
	EndGlobalSection
	GlobalSection(NestedProjects) = preSolution
		{7BEAC50D-84D9-4EB3-A959-B95CA32C2896} = {D9CCD26C-69D7-4EE0-B42C-6BB102133B2E}
		{D9CCD26C-69D7-4EE0-B42C-6BB102133B2E} = {4EC1CEDC-43C7-4A53-A1A5-C076CC74A1CF}
		{B3F00AA8-DD9E-4D63-8614-B5B72B5E2211} = {4EC1CEDC-43C7-4A53-A1A5-C076CC74A1CF}
		{BCCA45C5-F2D0-4EBA-A3F6-02427E4842A2} = {279E96A2-D166-47F4-B1EC-82B62BD352B5}
		{A78A44C4-B350-4F9E-9852-04F53166224F} = {279E96A2-D166-47F4-B1EC-82B62BD352B5}
		{E4D3158B-37D1-4E4F-B40E-06858A861CEB} = {29732E0C-B9AA-4B0B-BB21-836CB05D1AA9}
		{EF01A8FB-CC84-41BA-84C0-88BA34ABDCB6} = {29732E0C-B9AA-4B0B-BB21-836CB05D1AA9}
		{DD28EB9E-FD04-4CDE-B2FB-A68FFCE7D3E4} = {29732E0C-B9AA-4B0B-BB21-836CB05D1AA9}
		{7B484563-5D9A-4CBB-B6DB-293FB3FDBB02} = {B3CA2A4B-8F01-4A73-8DD0-1DEC88681845}
		{38979F9E-A800-44F5-B240-B4B78E0DC1F2} = {B3CA2A4B-8F01-4A73-8DD0-1DEC88681845}
		{D278FA99-F26A-42BE-A3BB-211E9A598B8D} = {0227FAF1-0464-4230-9C2F-B8094BD8261F}
		{047CBA86-B8C9-4D84-87D6-35E46BF0B2F3} = {E4D3158B-37D1-4E4F-B40E-06858A861CEB}
		{86A1EF40-F8BA-4248-B2FF-C40C60C44352} = {EF01A8FB-CC84-41BA-84C0-88BA34ABDCB6}
		{6B986375-EDB9-4849-A3B1-5CB1B11DF7C0} = {DD28EB9E-FD04-4CDE-B2FB-A68FFCE7D3E4}
		{08A74E30-C2F1-44C1-BE94-1FF6A977E976} = {BCCA45C5-F2D0-4EBA-A3F6-02427E4842A2}
		{B9CBBF12-3A34-4D64-A4EB-4D5B15DBCA09} = {A78A44C4-B350-4F9E-9852-04F53166224F}
		{61CB9EC1-2334-46B4-B78B-A07F40867814} = {7B484563-5D9A-4CBB-B6DB-293FB3FDBB02}
		{7FF7C95A-A0D8-423F-896F-C4B1DAEAC59D} = {7B484563-5D9A-4CBB-B6DB-293FB3FDBB02}
		{5D8E2E28-115A-4909-AAC8-FF6EA082A15E} = {7B484563-5D9A-4CBB-B6DB-293FB3FDBB02}
		{B2ED9D38-F601-4F3D-9213-B527FE789F01} = {38979F9E-A800-44F5-B240-B4B78E0DC1F2}
	EndGlobalSection
	GlobalSection(ExtensibilityGlobals) = postSolution
		SolutionGuid = {E3D2626A-D95C-4450-9EBF-F4C99830A116}
	EndGlobalSection
EndGlobal
